// !$*UTF8*$!
{
	archiveVersion = 1;
	classes = {
	};
	objectVersion = 77;
	objects = {

/* Begin PBXContainerItemProxy section */
		DC2B8FAA2D91CA080050A431 /* PBXContainerItemProxy */ = {
			isa = PBXContainerItemProxy;
			containerPortal = DC2B8F8A2D91CA060050A431 /* Project object */;
			proxyType = 1;
			remoteGlobalIDString = DC2B8F912D91CA060050A431;
			remoteInfo = DigitalTour;
		};
		DC2B8FB42D91CA080050A431 /* PBXContainerItemProxy */ = {
			isa = PBXContainerItemProxy;
			containerPortal = DC2B8F8A2D91CA060050A431 /* Project object */;
			proxyType = 1;
			remoteGlobalIDString = DC2B8F912D91CA060050A431;
			remoteInfo = DigitalTour;
		};
/* End PBXContainerItemProxy section */

/* Begin PBXFileReference section */
		DC2B8F922D91CA060050A431 /* DigitalTour.app */ = {isa = PBXFileReference; explicitFileType = wrapper.application; includeInIndex = 0; path = DigitalTour.app; sourceTree = BUILT_PRODUCTS_DIR; };
		DC2B8FA92D91CA080050A431 /* DigitalTourTests.xctest */ = {isa = PBXFileReference; explicitFileType = wrapper.cfbundle; includeInIndex = 0; path = DigitalTourTests.xctest; sourceTree = BUILT_PRODUCTS_DIR; };
		DC2B8FB32D91CA080050A431 /* DigitalTourUITests.xctest */ = {isa = PBXFileReference; explicitFileType = wrapper.cfbundle; includeInIndex = 0; path = DigitalTourUITests.xctest; sourceTree = BUILT_PRODUCTS_DIR; };
/* End PBXFileReference section */

/* Begin PBXFileSystemSynchronizedBuildFileExceptionSet section */
		DC2B8FBB2D91CA080050A431 /* Exceptions for "DigitalTour" folder in "DigitalTour" target */ = {
			isa = PBXFileSystemSynchronizedBuildFileExceptionSet;
			membershipExceptions = (
				Info.plist,
			);
			target = DC2B8F912D91CA060050A431 /* DigitalTour */;
		};
/* End PBXFileSystemSynchronizedBuildFileExceptionSet section */

/* Begin PBXFileSystemSynchronizedRootGroup section */
		DC2B8F942D91CA060050A431 /* DigitalTour */ = {
			isa = PBXFileSystemSynchronizedRootGroup;
			exceptions = (
				DC2B8FBB2D91CA080050A431 /* Exceptions for "DigitalTour" folder in "DigitalTour" target */,
			);
			path = DigitalTour;
			sourceTree = "<group>";
		};
		DC2B8FAC2D91CA080050A431 /* DigitalTourTests */ = {
			isa = PBXFileSystemSynchronizedRootGroup;
			path = DigitalTourTests;
			sourceTree = "<group>";
		};
		DC2B8FB62D91CA080050A431 /* DigitalTourUITests */ = {
			isa = PBXFileSystemSynchronizedRootGroup;
			path = DigitalTourUITests;
			sourceTree = "<group>";
		};
/* End PBXFileSystemSynchronizedRootGroup section */

/* Begin PBXFrameworksBuildPhase section */
		DC2B8F8F2D91CA060050A431 /* Frameworks */ = {
			isa = PBXFrameworksBuildPhase;
			buildActionMask = 2147483647;
			files = (
			);
			runOnlyForDeploymentPostprocessing = 0;
		};
		DC2B8FA62D91CA080050A431 /* Frameworks */ = {
			isa = PBXFrameworksBuildPhase;
			buildActionMask = 2147483647;
			files = (
			);
			runOnlyForDeploymentPostprocessing = 0;
		};
		DC2B8FB02D91CA080050A431 /* Frameworks */ = {
			isa = PBXFrameworksBuildPhase;
			buildActionMask = 2147483647;
			files = (
			);
			runOnlyForDeploymentPostprocessing = 0;
		};
/* End PBXFrameworksBuildPhase section */

/* Begin PBXGroup section */
		DC2B8F892D91CA060050A431 = {
			isa = PBXGroup;
			children = (
				DC2B8F942D91CA060050A431 /* DigitalTour */,
				DC2B8FAC2D91CA080050A431 /* DigitalTourTests */,
				DC2B8FB62D91CA080050A431 /* DigitalTourUITests */,
				DC2B8F932D91CA060050A431 /* Products */,
			);
			sourceTree = "<group>";
		};
		DC2B8F932D91CA060050A431 /* Products */ = {
			isa = PBXGroup;
			children = (
				DC2B8F922D91CA060050A431 /* DigitalTour.app */,
				DC2B8FA92D91CA080050A431 /* DigitalTourTests.xctest */,
				DC2B8FB32D91CA080050A431 /* DigitalTourUITests.xctest */,
			);
			name = Products;
			sourceTree = "<group>";
		};
/* End PBXGroup section */

/* Begin PBXNativeTarget section */
		DC2B8F912D91CA060050A431 /* DigitalTour */ = {
			isa = PBXNativeTarget;
			buildConfigurationList = DC2B8FBC2D91CA080050A431 /* Build configuration list for PBXNativeTarget "DigitalTour" */;
			buildPhases = (
				DC2B8F8E2D91CA060050A431 /* Sources */,
				DC2B8F8F2D91CA060050A431 /* Frameworks */,
				DC2B8F902D91CA060050A431 /* Resources */,
			);
			buildRules = (
			);
			dependencies = (
			);
			fileSystemSynchronizedGroups = (
				DC2B8F942D91CA060050A431 /* DigitalTour */,
			);
			name = DigitalTour;
			packageProductDependencies = (
			);
			productName = DigitalTour;
			productReference = DC2B8F922D91CA060050A431 /* DigitalTour.app */;
			productType = "com.apple.product-type.application";
		};
		DC2B8FA82D91CA080050A431 /* DigitalTourTests */ = {
			isa = PBXNativeTarget;
			buildConfigurationList = DC2B8FC12D91CA080050A431 /* Build configuration list for PBXNativeTarget "DigitalTourTests" */;
			buildPhases = (
				DC2B8FA52D91CA080050A431 /* Sources */,
				DC2B8FA62D91CA080050A431 /* Frameworks */,
				DC2B8FA72D91CA080050A431 /* Resources */,
			);
			buildRules = (
			);
			dependencies = (
				DC2B8FAB2D91CA080050A431 /* PBXTargetDependency */,
			);
			fileSystemSynchronizedGroups = (
				DC2B8FAC2D91CA080050A431 /* DigitalTourTests */,
			);
			name = DigitalTourTests;
			packageProductDependencies = (
			);
			productName = DigitalTourTests;
			productReference = DC2B8FA92D91CA080050A431 /* DigitalTourTests.xctest */;
			productType = "com.apple.product-type.bundle.unit-test";
		};
		DC2B8FB22D91CA080050A431 /* DigitalTourUITests */ = {
			isa = PBXNativeTarget;
			buildConfigurationList = DC2B8FC42D91CA080050A431 /* Build configuration list for PBXNativeTarget "DigitalTourUITests" */;
			buildPhases = (
				DC2B8FAF2D91CA080050A431 /* Sources */,
				DC2B8FB02D91CA080050A431 /* Frameworks */,
				DC2B8FB12D91CA080050A431 /* Resources */,
			);
			buildRules = (
			);
			dependencies = (
				DC2B8FB52D91CA080050A431 /* PBXTargetDependency */,
			);
			fileSystemSynchronizedGroups = (
				DC2B8FB62D91CA080050A431 /* DigitalTourUITests */,
			);
			name = DigitalTourUITests;
			packageProductDependencies = (
			);
			productName = DigitalTourUITests;
			productReference = DC2B8FB32D91CA080050A431 /* DigitalTourUITests.xctest */;
			productType = "com.apple.product-type.bundle.ui-testing";
		};
/* End PBXNativeTarget section */

/* Begin PBXProject section */
		DC2B8F8A2D91CA060050A431 /* Project object */ = {
			isa = PBXProject;
			attributes = {
				BuildIndependentTargetsInParallel = 1;
				LastSwiftUpdateCheck = 1620;
				LastUpgradeCheck = 1620;
				TargetAttributes = {
					DC2B8F912D91CA060050A431 = {
						CreatedOnToolsVersion = 16.2;
					};
					DC2B8FA82D91CA080050A431 = {
						CreatedOnToolsVersion = 16.2;
						TestTargetID = DC2B8F912D91CA060050A431;
					};
					DC2B8FB22D91CA080050A431 = {
						CreatedOnToolsVersion = 16.2;
						TestTargetID = DC2B8F912D91CA060050A431;
					};
				};
			};
			buildConfigurationList = DC2B8F8D2D91CA060050A431 /* Build configuration list for PBXProject "DigitalTour" */;
			developmentRegion = en;
			hasScannedForEncodings = 0;
			knownRegions = (
				en,
				Base,
			);
			mainGroup = DC2B8F892D91CA060050A431;
			minimizedProjectReferenceProxies = 1;
			preferredProjectObjectVersion = 77;
			productRefGroup = DC2B8F932D91CA060050A431 /* Products */;
			projectDirPath = "";
			projectRoot = "";
			targets = (
				DC2B8F912D91CA060050A431 /* DigitalTour */,
				DC2B8FA82D91CA080050A431 /* DigitalTourTests */,
				DC2B8FB22D91CA080050A431 /* DigitalTourUITests */,
			);
		};
/* End PBXProject section */

/* Begin PBXResourcesBuildPhase section */
		DC2B8F902D91CA060050A431 /* Resources */ = {
			isa = PBXResourcesBuildPhase;
			buildActionMask = 2147483647;
			files = (
			);
			runOnlyForDeploymentPostprocessing = 0;
		};
		DC2B8FA72D91CA080050A431 /* Resources */ = {
			isa = PBXResourcesBuildPhase;
			buildActionMask = 2147483647;
			files = (
			);
			runOnlyForDeploymentPostprocessing = 0;
		};
		DC2B8FB12D91CA080050A431 /* Resources */ = {
			isa = PBXResourcesBuildPhase;
			buildActionMask = 2147483647;
			files = (
			);
			runOnlyForDeploymentPostprocessing = 0;
		};
/* End PBXResourcesBuildPhase section */

/* Begin PBXSourcesBuildPhase section */
		DC2B8F8E2D91CA060050A431 /* Sources */ = {
			isa = PBXSourcesBuildPhase;
			buildActionMask = 2147483647;
			files = (
			);
			runOnlyForDeploymentPostprocessing = 0;
		};
		DC2B8FA52D91CA080050A431 /* Sources */ = {
			isa = PBXSourcesBuildPhase;
			buildActionMask = 2147483647;
			files = (
			);
			runOnlyForDeploymentPostprocessing = 0;
		};
		DC2B8FAF2D91CA080050A431 /* Sources */ = {
			isa = PBXSourcesBuildPhase;
			buildActionMask = 2147483647;
			files = (
			);
			runOnlyForDeploymentPostprocessing = 0;
		};
/* End PBXSourcesBuildPhase section */

/* Begin PBXTargetDependency section */
		DC2B8FAB2D91CA080050A431 /* PBXTargetDependency */ = {
			isa = PBXTargetDependency;
			target = DC2B8F912D91CA060050A431 /* DigitalTour */;
			targetProxy = DC2B8FAA2D91CA080050A431 /* PBXContainerItemProxy */;
		};
		DC2B8FB52D91CA080050A431 /* PBXTargetDependency */ = {
			isa = PBXTargetDependency;
			target = DC2B8F912D91CA060050A431 /* DigitalTour */;
			targetProxy = DC2B8FB42D91CA080050A431 /* PBXContainerItemProxy */;
		};
/* End PBXTargetDependency section */

/* Begin XCBuildConfiguration section */
		DC2B8FBD2D91CA080050A431 /* Debug */ = {
			isa = XCBuildConfiguration;
			buildSettings = {
				ASSETCATALOG_COMPILER_APPICON_NAME = AppIcon;
				ASSETCATALOG_COMPILER_GLOBAL_ACCENT_COLOR_NAME = AccentColor;
				CODE_SIGN_ENTITLEMENTS = DigitalTour/DigitalTour.entitlements;
				CODE_SIGN_STYLE = Automatic;
				CURRENT_PROJECT_VERSION = 1;
				DEVELOPMENT_ASSET_PATHS = "\"DigitalTour/Preview Content\"";
				ENABLE_PREVIEWS = YES;
				GENERATE_INFOPLIST_FILE = YES;
				INFOPLIST_FILE = DigitalTour/Info.plist;
				INFOPLIST_KEY_UIApplicationSceneManifest_Generation = YES;
				INFOPLIST_KEY_UIApplicationSupportsIndirectInputEvents = YES;
				INFOPLIST_KEY_UILaunchScreen_Generation = YES;
				INFOPLIST_KEY_UISupportedInterfaceOrientations_iPad = "UIInterfaceOrientationPortrait UIInterfaceOrientationPortraitUpsideDown UIInterfaceOrientationLandscapeLeft UIInterfaceOrientationLandscapeRight";
				INFOPLIST_KEY_UISupportedInterfaceOrientations_iPhone = "UIInterfaceOrientationPortrait UIInterfaceOrientationLandscapeLeft UIInterfaceOrientationLandscapeRight";
				IPHONEOS_DEPLOYMENT_TARGET = 16.6;
				LD_RUNPATH_SEARCH_PATHS = (
					"$(inherited)",
					"@executable_path/Frameworks",
				);
				MARKETING_VERSION = 1.0;
				PRODUCT_BUNDLE_IDENTIFIER = com.HotelDigit.DigitalTour;
				PRODUCT_NAME = "$(TARGET_NAME)";
				SWIFT_EMIT_LOC_STRINGS = YES;
				SWIFT_VERSION = 5.0;
				TARGETED_DEVICE_FAMILY = "1,2";
			};
			name = Debug;
		};
		DC2B8FBE2D91CA080050A431 /* Release */ = {
			isa = XCBuildConfiguration;
			buildSettings = {
				ASSETCATALOG_COMPILER_APPICON_NAME = AppIcon;
				ASSETCATALOG_COMPILER_GLOBAL_ACCENT_COLOR_NAME = AccentColor;
				CODE_SIGN_ENTITLEMENTS = DigitalTour/DigitalTour.entitlements;
				CODE_SIGN_STYLE = Automatic;
				CURRENT_PROJECT_VERSION = 1;
				DEVELOPMENT_ASSET_PATHS = "\"DigitalTour/Preview Content\"";
				ENABLE_PREVIEWS = YES;
				GENERATE_INFOPLIST_FILE = YES;
				INFOPLIST_FILE = DigitalTour/Info.plist;
				INFOPLIST_KEY_UIApplicationSceneManifest_Generation = YES;
				INFOPLIST_KEY_UIApplicationSupportsIndirectInputEvents = YES;
				INFOPLIST_KEY_UILaunchScreen_Generation = YES;
				INFOPLIST_KEY_UISupportedInterfaceOrientations_iPad = "UIInterfaceOrientationPortrait UIInterfaceOrientationPortraitUpsideDown UIInterfaceOrientationLandscapeLeft UIInterfaceOrientationLandscapeRight";
				INFOPLIST_KEY_UISupportedInterfaceOrientations_iPhone = "UIInterfaceOrientationPortrait UIInterfaceOrientationLandscapeLeft UIInterfaceOrientationLandscapeRight";
				IPHONEOS_DEPLOYMENT_TARGET = 16.6;
				LD_RUNPATH_SEARCH_PATHS = (
					"$(inherited)",
					"@executable_path/Frameworks",
				);
				MARKETING_VERSION = 1.0;
				PRODUCT_BUNDLE_IDENTIFIER = com.HotelDigit.DigitalTour;
				PRODUCT_NAME = "$(TARGET_NAME)";
				SWIFT_EMIT_LOC_STRINGS = YES;
				SWIFT_VERSION = 5.0;
				TARGETED_DEVICE_FAMILY = "1,2";
			};
			name = Release;
		};
		DC2B8FBF2D91CA080050A431 /* Debug */ = {
			isa = XCBuildConfiguration;
			buildSettings = {
				ALWAYS_SEARCH_USER_PATHS = NO;
				ASSETCATALOG_COMPILER_GENERATE_SWIFT_ASSET_SYMBOL_EXTENSIONS = YES;
				CLANG_ANALYZER_NONNULL = YES;
				CLANG_ANALYZER_NUMBER_OBJECT_CONVERSION = YES_AGGRESSIVE;
				CLANG_CXX_LANGUAGE_STANDARD = "gnu++20";
				CLANG_ENABLE_MODULES = YES;
				CLANG_ENABLE_OBJC_ARC = YES;
				CLANG_ENABLE_OBJC_WEAK = YES;
				CLANG_WARN_BLOCK_CAPTURE_AUTORELEASING = YES;
				CLANG_WARN_BOOL_CONVERSION = YES;
				CLANG_WARN_COMMA = YES;
				CLANG_WARN_CONSTANT_CONVERSION = YES;
				CLANG_WARN_DEPRECATED_OBJC_IMPLEMENTATIONS = YES;
				CLANG_WARN_DIRECT_OBJC_ISA_USAGE = YES_ERROR;
				CLANG_WARN_DOCUMENTATION_COMMENTS = YES;
				CLANG_WARN_EMPTY_BODY = YES;
				CLANG_WARN_ENUM_CONVERSION = YES;
				CLANG_WARN_INFINITE_RECURSION = YES;
				CLANG_WARN_INT_CONVERSION = YES;
				CLANG_WARN_NON_LITERAL_NULL_CONVERSION = YES;
				CLANG_WARN_OBJC_IMPLICIT_RETAIN_SELF = YES;
				CLANG_WARN_OBJC_LITERAL_CONVERSION = YES;
				CLANG_WARN_OBJC_ROOT_CLASS = YES_ERROR;
				CLANG_WARN_QUOTED_INCLUDE_IN_FRAMEWORK_HEADER = YES;
				CLANG_WARN_RANGE_LOOP_ANALYSIS = YES;
				CLANG_WARN_STRICT_PROTOTYPES = YES;
				CLANG_WARN_SUSPICIOUS_MOVE = YES;
				CLANG_WARN_UNGUARDED_AVAILABILITY = YES_AGGRESSIVE;
				CLANG_WARN_UNREACHABLE_CODE = YES;
				CLANG_WARN__DUPLICATE_METHOD_MATCH = YES;
				COPY_PHASE_STRIP = NO;
				DEBUG_INFORMATION_FORMAT = dwarf;
				ENABLE_STRICT_OBJC_MSGSEND = YES;
				ENABLE_TESTABILITY = YES;
				ENABLE_USER_SCRIPT_SANDBOXING = YES;
				GCC_C_LANGUAGE_STANDARD = gnu17;
				GCC_DYNAMIC_NO_PIC = NO;
				GCC_NO_COMMON_BLOCKS = YES;
				GCC_OPTIMIZATION_LEVEL = 0;
				GCC_PREPROCESSOR_DEFINITIONS = (
					"DEBUG=1",
					"$(inherited)",
				);
				GCC_WARN_64_TO_32_BIT_CONVERSION = YES;
				GCC_WARN_ABOUT_RETURN_TYPE = YES_ERROR;
				GCC_WARN_UNDECLARED_SELECTOR = YES;
				GCC_WARN_UNINITIALIZED_AUTOS = YES_AGGRESSIVE;
				GCC_WARN_UNUSED_FUNCTION = YES;
				GCC_WARN_UNUSED_VARIABLE = YES;
				IPHONEOS_DEPLOYMENT_TARGET = 18.2;
				LOCALIZATION_PREFERS_STRING_CATALOGS = YES;
				MTL_ENABLE_DEBUG_INFO = INCLUDE_SOURCE;
				MTL_FAST_MATH = YES;
				ONLY_ACTIVE_ARCH = YES;
				SDKROOT = iphoneos;
				SWIFT_ACTIVE_COMPILATION_CONDITIONS = "DEBUG $(inherited)";
				SWIFT_OPTIMIZATION_LEVEL = "-Onone";
			};
			name = Debug;
		};
		DC2B8FC02D91CA080050A431 /* Release */ = {
			isa = XCBuildConfiguration;
			buildSettings = {
				ALWAYS_SEARCH_USER_PATHS = NO;
				ASSETCATALOG_COMPILER_GENERATE_SWIFT_ASSET_SYMBOL_EXTENSIONS = YES;
				CLANG_ANALYZER_NONNULL = YES;
				CLANG_ANALYZER_NUMBER_OBJECT_CONVERSION = YES_AGGRESSIVE;
				CLANG_CXX_LANGUAGE_STANDARD = "gnu++20";
				CLANG_ENABLE_MODULES = YES;
				CLANG_ENABLE_OBJC_ARC = YES;
				CLANG_ENABLE_OBJC_WEAK = YES;
				CLANG_WARN_BLOCK_CAPTURE_AUTORELEASING = YES;
				CLANG_WARN_BOOL_CONVERSION = YES;
				CLANG_WARN_COMMA = YES;
				CLANG_WARN_CONSTANT_CONVERSION = YES;
				CLANG_WARN_DEPRECATED_OBJC_IMPLEMENTATIONS = YES;
				CLANG_WARN_DIRECT_OBJC_ISA_USAGE = YES_ERROR;
				CLANG_WARN_DOCUMENTATION_COMMENTS = YES;
				CLANG_WARN_EMPTY_BODY = YES;
				CLANG_WARN_ENUM_CONVERSION = YES;
				CLANG_WARN_INFINITE_RECURSION = YES;
				CLANG_WARN_INT_CONVERSION = YES;
				CLANG_WARN_NON_LITERAL_NULL_CONVERSION = YES;
				CLANG_WARN_OBJC_IMPLICIT_RETAIN_SELF = YES;
				CLANG_WARN_OBJC_LITERAL_CONVERSION = YES;
				CLANG_WARN_OBJC_ROOT_CLASS = YES_ERROR;
				CLANG_WARN_QUOTED_INCLUDE_IN_FRAMEWORK_HEADER = YES;
				CLANG_WARN_RANGE_LOOP_ANALYSIS = YES;
				CLANG_WARN_STRICT_PROTOTYPES = YES;
				CLANG_WARN_SUSPICIOUS_MOVE = YES;
				CLANG_WARN_UNGUARDED_AVAILABILITY = YES_AGGRESSIVE;
				CLANG_WARN_UNREACHABLE_CODE = YES;
				CLANG_WARN__DUPLICATE_METHOD_MATCH = YES;
				COPY_PHASE_STRIP = NO;
				DEBUG_INFORMATION_FORMAT = "dwarf-with-dsym";
				ENABLE_NS_ASSERTIONS = NO;
				ENABLE_STRICT_OBJC_MSGSEND = YES;
				ENABLE_USER_SCRIPT_SANDBOXING = YES;
				GCC_C_LANGUAGE_STANDARD = gnu17;
				GCC_NO_COMMON_BLOCKS = YES;
				GCC_WARN_64_TO_32_BIT_CONVERSION = YES;
				GCC_WARN_ABOUT_RETURN_TYPE = YES_ERROR;
				GCC_WARN_UNDECLARED_SELECTOR = YES;
				GCC_WARN_UNINITIALIZED_AUTOS = YES_AGGRESSIVE;
				GCC_WARN_UNUSED_FUNCTION = YES;
				GCC_WARN_UNUSED_VARIABLE = YES;
				IPHONEOS_DEPLOYMENT_TARGET = 18.2;
				LOCALIZATION_PREFERS_STRING_CATALOGS = YES;
				MTL_ENABLE_DEBUG_INFO = NO;
				MTL_FAST_MATH = YES;
				SDKROOT = iphoneos;
				SWIFT_COMPILATION_MODE = wholemodule;
				VALIDATE_PRODUCT = YES;
			};
			name = Release;
		};
		DC2B8FC22D91CA080050A431 /* Debug */ = {
			isa = XCBuildConfiguration;
			buildSettings = {
				BUNDLE_LOADER = "$(TEST_HOST)";
				CODE_SIGN_STYLE = Automatic;
				CURRENT_PROJECT_VERSION = 1;
				GENERATE_INFOPLIST_FILE = YES;
				IPHONEOS_DEPLOYMENT_TARGET = 18.2;
				MARKETING_VERSION = 1.0;
				PRODUCT_BUNDLE_IDENTIFIER = com.HotelDigit.DigitalTourTests;
				PRODUCT_NAME = "$(TARGET_NAME)";
				SWIFT_EMIT_LOC_STRINGS = NO;
				SWIFT_VERSION = 5.0;
				TARGETED_DEVICE_FAMILY = "1,2";
				TEST_HOST = "$(BUILT_PRODUCTS_DIR)/DigitalTour.app/$(BUNDLE_EXECUTABLE_FOLDER_PATH)/DigitalTour";
			};
			name = Debug;
		};
		DC2B8FC32D91CA080050A431 /* Release */ = {
			isa = XCBuildConfiguration;
			buildSettings = {
				BUNDLE_LOADER = "$(TEST_HOST)";
				CODE_SIGN_STYLE = Automatic;
				CURRENT_PROJECT_VERSION = 1;
				GENERATE_INFOPLIST_FILE = YES;
				IPHONEOS_DEPLOYMENT_TARGET = 18.2;
				MARKETING_VERSION = 1.0;
				PRODUCT_BUNDLE_IDENTIFIER = com.HotelDigit.DigitalTourTests;
				PRODUCT_NAME = "$(TARGET_NAME)";
				SWIFT_EMIT_LOC_STRINGS = NO;
				SWIFT_VERSION = 5.0;
				TARGETED_DEVICE_FAMILY = "1,2";
				TEST_HOST = "$(BUILT_PRODUCTS_DIR)/DigitalTour.app/$(BUNDLE_EXECUTABLE_FOLDER_PATH)/DigitalTour";
			};
			name = Release;
		};
		DC2B8FC52D91CA080050A431 /* Debug */ = {
			isa = XCBuildConfiguration;
			buildSettings = {
				CODE_SIGN_STYLE = Automatic;
				CURRENT_PROJECT_VERSION = 1;
				GENERATE_INFOPLIST_FILE = YES;
				MARKETING_VERSION = 1.0;
				PRODUCT_BUNDLE_IDENTIFIER = com.HotelDigit.DigitalTourUITests;
				PRODUCT_NAME = "$(TARGET_NAME)";
				SWIFT_EMIT_LOC_STRINGS = NO;
				SWIFT_VERSION = 5.0;
				TARGETED_DEVICE_FAMILY = "1,2";
				TEST_TARGET_NAME = DigitalTour;
			};
			name = Debug;
		};
		DC2B8FC62D91CA080050A431 /* Release */ = {
			isa = XCBuildConfiguration;
			buildSettings = {
				CODE_SIGN_STYLE = Automatic;
				CURRENT_PROJECT_VERSION = 1;
				GENERATE_INFOPLIST_FILE = YES;
				MARKETING_VERSION = 1.0;
				PRODUCT_BUNDLE_IDENTIFIER = com.HotelDigit.DigitalTourUITests;
				PRODUCT_NAME = "$(TARGET_NAME)";
				SWIFT_EMIT_LOC_STRINGS = NO;
				SWIFT_VERSION = 5.0;
				TARGETED_DEVICE_FAMILY = "1,2";
				TEST_TARGET_NAME = DigitalTour;
			};
			name = Release;
		};
/* End XCBuildConfiguration section */

/* Begin XCConfigurationList section */
		DC2B8F8D2D91CA060050A431 /* Build configuration list for PBXProject "DigitalTour" */ = {
			isa = XCConfigurationList;
			buildConfigurations = (
				DC2B8FBF2D91CA080050A431 /* Debug */,
				DC2B8FC02D91CA080050A431 /* Release */,
			);
			defaultConfigurationIsVisible = 0;
			defaultConfigurationName = Release;
		};
		DC2B8FBC2D91CA080050A431 /* Build configuration list for PBXNativeTarget "DigitalTour" */ = {
			isa = XCConfigurationList;
			buildConfigurations = (
				DC2B8FBD2D91CA080050A431 /* Debug */,
				DC2B8FBE2D91CA080050A431 /* Release */,
			);
			defaultConfigurationIsVisible = 0;
			defaultConfigurationName = Release;
		};
		DC2B8FC12D91CA080050A431 /* Build configuration list for PBXNativeTarget "DigitalTourTests" */ = {
			isa = XCConfigurationList;
			buildConfigurations = (
				DC2B8FC22D91CA080050A431 /* Debug */,
				DC2B8FC32D91CA080050A431 /* Release */,
			);
			defaultConfigurationIsVisible = 0;
			defaultConfigurationName = Release;
		};
		DC2B8FC42D91CA080050A431 /* Build configuration list for PBXNativeTarget "DigitalTourUITests" */ = {
			isa = XCConfigurationList;
			buildConfigurations = (
				DC2B8FC52D91CA080050A431 /* Debug */,
				DC2B8FC62D91CA080050A431 /* Release */,
			);
			defaultConfigurationIsVisible = 0;
			defaultConfigurationName = Release;
		};
/* End XCConfigurationList section */
	};
	rootObject = DC2B8F8A2D91CA060050A431 /* Project object */;
}
